
Microsoft Visual Studio Solution File, Format Version 12.00
# Visual Studio Version 17
VisualStudioVersion = 17.11.35303.130
MinimumVisualStudioVersion = 10.0.40219.1
Project("{FAE04EC0-301F-11D3-BF4B-00C04F79EFBC}") = "intrest", "intrest\intrest.csproj", "{DA9CDB60-7986-4503-9EA7-59783990DF6C}"
EndProject
Global
	GlobalSection(SolutionConfigurationPlatforms) = preSolution
		Debug|Any CPU = Debug|Any CPU
		Release|Any CPU = Release|Any CPU
	EndGlobalSection
	GlobalSection(ProjectConfigurationPlatforms) = postSolution
		{DA9CDB60-7986-4503-9EA7-59783990DF6C}.Debug|Any CPU.ActiveCfg = Debug|Any CPU
		{DA9CDB60-7986-4503-9EA7-59783990DF6C}.Debug|Any CPU.Build.0 = Debug|Any CPU
		{DA9CDB60-7986-4503-9EA7-59783990DF6C}.Release|Any CPU.ActiveCfg = Release|Any CPU
		{DA9CDB60-7986-4503-9EA7-59783990DF6C}.Release|Any CPU.Build.0 = Release|Any CPU
	EndGlobalSection
	GlobalSection(SolutionProperties) = preSolution
		HideSolutionNode = FALSE
	EndGlobalSection
	GlobalSection(ExtensibilityGlobals) = postSolution
		SolutionGuid = {D35EE6F7-43AC-4A41-984A-48368C08E585}
	EndGlobalSection
EndGlobal
